
Microsoft Visual Studio Solution File, Format Version 12.00
# Visual Studio 14
VisualStudioVersion = 14.0.23107.0
MinimumVisualStudioVersion = 10.0.40219.1
Project("{2150E333-8FDC-42A3-9474-1A3956D46DE8}") = "Logique", "Logique", "{117A0A6A-1F74-4F47-8314-60C0E56DD3D3}"
EndProject
Project("{2150E333-8FDC-42A3-9474-1A3956D46DE8}") = "Presentation", "Presentation", "{0180B0BB-C67D-49CB-A6B2-65810BDD9CB2}"
EndProject
Project("{2150E333-8FDC-42A3-9474-1A3956D46DE8}") = "Tests", "Tests", "{D9E631DB-0341-4325-933E-A5B2A0CAE51E}"
EndProject
Project("{FAE04EC0-301F-11D3-BF4B-00C04F79EFBC}") = "3. OsteoYoga.Tests.DAO", "OsteoYoga.Tests\3. OsteoYoga.Tests.DAO.csproj", "{84123587-811B-46F5-8A8F-2223816B3CB1}"
EndProject
Project("{FAE04EC0-301F-11D3-BF4B-00C04F79EFBC}") = "1. OsteoYoga.Domain", "OsteoYoga.Domain\1. OsteoYoga.Domain.csproj", "{B915504D-D01D-4BEF-802D-C527B2F5078C}"
EndProject
Project("{FAE04EC0-301F-11D3-BF4B-00C04F79EFBC}") = "2. OsteoYoga.DAO", "OsteoYoga.DAO\2. OsteoYoga.DAO.csproj", "{67C487A2-9ECD-4ACD-8DE5-8E7008E08575}"
EndProject
Project("{FAE04EC0-301F-11D3-BF4B-00C04F79EFBC}") = "3. OsteoYoga.Helper", "OsteoYoga.Helpers\3. OsteoYoga.Helper.csproj", "{AD42CF25-232D-482B-84FE-CE92EFC31C66}"
EndProject
Project("{FAE04EC0-301F-11D3-BF4B-00C04F79EFBC}") = "2. OsteoYoga.Resource", "OsteoYoga.Resource\2. OsteoYoga.Resource.csproj", "{149B66BB-12EA-4A38-ACF9-8D712550E3FB}"
EndProject
Project("{FAE04EC0-301F-11D3-BF4B-00C04F79EFBC}") = "1. OsteoYoga.Tests.Display", "OsteoYoga.Tests.Display\1. OsteoYoga.Tests.Display.csproj", "{9272987A-E8D2-416B-AE76-BF6CE8DDFBCE}"
EndProject
Project("{FAE04EC0-301F-11D3-BF4B-00C04F79EFBC}") = "2. OsteoYoga.Tests.Domain", "OsteoYoga.Tests.Domain\2. OsteoYoga.Tests.Domain.csproj", "{56BE1902-3D8B-4B6E-AE77-58FCAD2FA2C1}"
EndProject
Project("{FAE04EC0-301F-11D3-BF4B-00C04F79EFBC}") = "5. OsteoYoga.Exception", "5. OsteoYoga.Exception\5. OsteoYoga.Exception.csproj", "{5AFD71EB-6BD4-4FF1-A56C-B4D3E5C5B41E}"
EndProject
Project("{FAE04EC0-301F-11D3-BF4B-00C04F79EFBC}") = "OsteoYoga.Site", "OsteoYoga.Site\OsteoYoga.Site.csproj", "{0F84E376-4578-4AC9-AFCF-29A19598BDAE}"
EndProject
Project("{FAE04EC0-301F-11D3-BF4B-00C04F79EFBC}") = "OsteoYoga.Tests.Helper", "OsteoYoga.Tests.Helper\OsteoYoga.Tests.Helper.csproj", "{DBD53B0C-4251-47F1-AA52-0457D192AFF9}"
EndProject
Project("{2150E333-8FDC-42A3-9474-1A3956D46DE8}") = "_Scripts_Database", "_Scripts_Database", "{074BB1EC-26A8-4144-A919-397289C57F24}"
	ProjectSection(SolutionItems) = preProject
		Initialize.sql = Initialize.sql
	EndProjectSection
EndProject
Global
	GlobalSection(SolutionConfigurationPlatforms) = preSolution
		Bureau|Any CPU = Bureau|Any CPU
		Debug|Any CPU = Debug|Any CPU
		Release|Any CPU = Release|Any CPU
	EndGlobalSection
	GlobalSection(ProjectConfigurationPlatforms) = postSolution
		{84123587-811B-46F5-8A8F-2223816B3CB1}.Bureau|Any CPU.ActiveCfg = Bureau|Any CPU
		{84123587-811B-46F5-8A8F-2223816B3CB1}.Bureau|Any CPU.Build.0 = Bureau|Any CPU
		{84123587-811B-46F5-8A8F-2223816B3CB1}.Debug|Any CPU.ActiveCfg = Debug|Any CPU
		{84123587-811B-46F5-8A8F-2223816B3CB1}.Debug|Any CPU.Build.0 = Debug|Any CPU
		{84123587-811B-46F5-8A8F-2223816B3CB1}.Release|Any CPU.ActiveCfg = Release|Any CPU
		{84123587-811B-46F5-8A8F-2223816B3CB1}.Release|Any CPU.Build.0 = Release|Any CPU
		{B915504D-D01D-4BEF-802D-C527B2F5078C}.Bureau|Any CPU.ActiveCfg = Bureau|Any CPU
		{B915504D-D01D-4BEF-802D-C527B2F5078C}.Bureau|Any CPU.Build.0 = Bureau|Any CPU
		{B915504D-D01D-4BEF-802D-C527B2F5078C}.Debug|Any CPU.ActiveCfg = Debug|Any CPU
		{B915504D-D01D-4BEF-802D-C527B2F5078C}.Debug|Any CPU.Build.0 = Debug|Any CPU
		{B915504D-D01D-4BEF-802D-C527B2F5078C}.Debug|Any CPU.Deploy.0 = Debug|Any CPU
		{B915504D-D01D-4BEF-802D-C527B2F5078C}.Release|Any CPU.ActiveCfg = Release|Any CPU
		{B915504D-D01D-4BEF-802D-C527B2F5078C}.Release|Any CPU.Build.0 = Release|Any CPU
		{67C487A2-9ECD-4ACD-8DE5-8E7008E08575}.Bureau|Any CPU.ActiveCfg = Bureau|Any CPU
		{67C487A2-9ECD-4ACD-8DE5-8E7008E08575}.Bureau|Any CPU.Build.0 = Bureau|Any CPU
		{67C487A2-9ECD-4ACD-8DE5-8E7008E08575}.Debug|Any CPU.ActiveCfg = Debug|Any CPU
		{67C487A2-9ECD-4ACD-8DE5-8E7008E08575}.Debug|Any CPU.Build.0 = Debug|Any CPU
		{67C487A2-9ECD-4ACD-8DE5-8E7008E08575}.Release|Any CPU.ActiveCfg = Release|Any CPU
		{67C487A2-9ECD-4ACD-8DE5-8E7008E08575}.Release|Any CPU.Build.0 = Release|Any CPU
		{AD42CF25-232D-482B-84FE-CE92EFC31C66}.Bureau|Any CPU.ActiveCfg = Bureau|Any CPU
		{AD42CF25-232D-482B-84FE-CE92EFC31C66}.Bureau|Any CPU.Build.0 = Bureau|Any CPU
		{AD42CF25-232D-482B-84FE-CE92EFC31C66}.Debug|Any CPU.ActiveCfg = Debug|Any CPU
		{AD42CF25-232D-482B-84FE-CE92EFC31C66}.Debug|Any CPU.Build.0 = Debug|Any CPU
		{AD42CF25-232D-482B-84FE-CE92EFC31C66}.Release|Any CPU.ActiveCfg = Release|Any CPU
		{AD42CF25-232D-482B-84FE-CE92EFC31C66}.Release|Any CPU.Build.0 = Release|Any CPU
		{149B66BB-12EA-4A38-ACF9-8D712550E3FB}.Bureau|Any CPU.ActiveCfg = Bureau|Any CPU
		{149B66BB-12EA-4A38-ACF9-8D712550E3FB}.Bureau|Any CPU.Build.0 = Bureau|Any CPU
		{149B66BB-12EA-4A38-ACF9-8D712550E3FB}.Debug|Any CPU.ActiveCfg = Debug|Any CPU
		{149B66BB-12EA-4A38-ACF9-8D712550E3FB}.Debug|Any CPU.Build.0 = Debug|Any CPU
		{149B66BB-12EA-4A38-ACF9-8D712550E3FB}.Release|Any CPU.ActiveCfg = Release|Any CPU
		{149B66BB-12EA-4A38-ACF9-8D712550E3FB}.Release|Any CPU.Build.0 = Release|Any CPU
		{9272987A-E8D2-416B-AE76-BF6CE8DDFBCE}.Bureau|Any CPU.ActiveCfg = Bureau|Any CPU
		{9272987A-E8D2-416B-AE76-BF6CE8DDFBCE}.Bureau|Any CPU.Build.0 = Bureau|Any CPU
		{9272987A-E8D2-416B-AE76-BF6CE8DDFBCE}.Debug|Any CPU.ActiveCfg = Debug|Any CPU
		{9272987A-E8D2-416B-AE76-BF6CE8DDFBCE}.Debug|Any CPU.Build.0 = Debug|Any CPU
		{9272987A-E8D2-416B-AE76-BF6CE8DDFBCE}.Release|Any CPU.ActiveCfg = Release|Any CPU
		{9272987A-E8D2-416B-AE76-BF6CE8DDFBCE}.Release|Any CPU.Build.0 = Release|Any CPU
		{56BE1902-3D8B-4B6E-AE77-58FCAD2FA2C1}.Bureau|Any CPU.ActiveCfg = Bureau|Any CPU
		{56BE1902-3D8B-4B6E-AE77-58FCAD2FA2C1}.Bureau|Any CPU.Build.0 = Bureau|Any CPU
		{56BE1902-3D8B-4B6E-AE77-58FCAD2FA2C1}.Debug|Any CPU.ActiveCfg = Debug|Any CPU
		{56BE1902-3D8B-4B6E-AE77-58FCAD2FA2C1}.Debug|Any CPU.Build.0 = Debug|Any CPU
		{56BE1902-3D8B-4B6E-AE77-58FCAD2FA2C1}.Release|Any CPU.ActiveCfg = Release|Any CPU
		{56BE1902-3D8B-4B6E-AE77-58FCAD2FA2C1}.Release|Any CPU.Build.0 = Release|Any CPU
		{5AFD71EB-6BD4-4FF1-A56C-B4D3E5C5B41E}.Bureau|Any CPU.ActiveCfg = Bureau|Any CPU
		{5AFD71EB-6BD4-4FF1-A56C-B4D3E5C5B41E}.Bureau|Any CPU.Build.0 = Bureau|Any CPU
		{5AFD71EB-6BD4-4FF1-A56C-B4D3E5C5B41E}.Debug|Any CPU.ActiveCfg = Debug|Any CPU
		{5AFD71EB-6BD4-4FF1-A56C-B4D3E5C5B41E}.Debug|Any CPU.Build.0 = Debug|Any CPU
		{5AFD71EB-6BD4-4FF1-A56C-B4D3E5C5B41E}.Release|Any CPU.ActiveCfg = Release|Any CPU
		{5AFD71EB-6BD4-4FF1-A56C-B4D3E5C5B41E}.Release|Any CPU.Build.0 = Release|Any CPU
		{0F84E376-4578-4AC9-AFCF-29A19598BDAE}.Bureau|Any CPU.ActiveCfg = Bureau|Any CPU
		{0F84E376-4578-4AC9-AFCF-29A19598BDAE}.Bureau|Any CPU.Build.0 = Bureau|Any CPU
		{0F84E376-4578-4AC9-AFCF-29A19598BDAE}.Debug|Any CPU.ActiveCfg = Debug|Any CPU
		{0F84E376-4578-4AC9-AFCF-29A19598BDAE}.Debug|Any CPU.Build.0 = Debug|Any CPU
		{0F84E376-4578-4AC9-AFCF-29A19598BDAE}.Release|Any CPU.ActiveCfg = Release|Any CPU
		{0F84E376-4578-4AC9-AFCF-29A19598BDAE}.Release|Any CPU.Build.0 = Release|Any CPU
		{DBD53B0C-4251-47F1-AA52-0457D192AFF9}.Bureau|Any CPU.ActiveCfg = Release|Any CPU
		{DBD53B0C-4251-47F1-AA52-0457D192AFF9}.Bureau|Any CPU.Build.0 = Release|Any CPU
		{DBD53B0C-4251-47F1-AA52-0457D192AFF9}.Debug|Any CPU.ActiveCfg = Debug|Any CPU
		{DBD53B0C-4251-47F1-AA52-0457D192AFF9}.Debug|Any CPU.Build.0 = Debug|Any CPU
		{DBD53B0C-4251-47F1-AA52-0457D192AFF9}.Release|Any CPU.ActiveCfg = Release|Any CPU
		{DBD53B0C-4251-47F1-AA52-0457D192AFF9}.Release|Any CPU.Build.0 = Release|Any CPU
	EndGlobalSection
	GlobalSection(SolutionProperties) = preSolution
		HideSolutionNode = FALSE
	EndGlobalSection
	GlobalSection(NestedProjects) = preSolution
		{84123587-811B-46F5-8A8F-2223816B3CB1} = {D9E631DB-0341-4325-933E-A5B2A0CAE51E}
		{B915504D-D01D-4BEF-802D-C527B2F5078C} = {117A0A6A-1F74-4F47-8314-60C0E56DD3D3}
		{67C487A2-9ECD-4ACD-8DE5-8E7008E08575} = {117A0A6A-1F74-4F47-8314-60C0E56DD3D3}
		{AD42CF25-232D-482B-84FE-CE92EFC31C66} = {117A0A6A-1F74-4F47-8314-60C0E56DD3D3}
		{149B66BB-12EA-4A38-ACF9-8D712550E3FB} = {0180B0BB-C67D-49CB-A6B2-65810BDD9CB2}
		{9272987A-E8D2-416B-AE76-BF6CE8DDFBCE} = {D9E631DB-0341-4325-933E-A5B2A0CAE51E}
		{56BE1902-3D8B-4B6E-AE77-58FCAD2FA2C1} = {D9E631DB-0341-4325-933E-A5B2A0CAE51E}
		{5AFD71EB-6BD4-4FF1-A56C-B4D3E5C5B41E} = {117A0A6A-1F74-4F47-8314-60C0E56DD3D3}
		{0F84E376-4578-4AC9-AFCF-29A19598BDAE} = {0180B0BB-C67D-49CB-A6B2-65810BDD9CB2}
		{DBD53B0C-4251-47F1-AA52-0457D192AFF9} = {D9E631DB-0341-4325-933E-A5B2A0CAE51E}
	EndGlobalSection
EndGlobal
